
Microsoft Visual Studio Solution File, Format Version 12.00
# Visual Studio Version 17
VisualStudioVersion = 17.8.34511.84
MinimumVisualStudioVersion = 10.0.40219.1
Project("{FAE04EC0-301F-11D3-BF4B-00C04F79EFBC}") = "UcenjeCS", "UcenjeCS\UcenjeCS.csproj", "{687E6F85-AA8D-4B6F-ADBA-C72342161E1B}"
EndProject
Project("{FAE04EC0-301F-11D3-BF4B-00C04F79EFBC}") = "WebAPI", "WebAPI\WebAPI.csproj", "{55F80340-88D5-4DE9-B113-2B2B67C8CBEC}"
EndProject
Global
	GlobalSection(SolutionConfigurationPlatforms) = preSolution
		Debug|Any CPU = Debug|Any CPU
		Release|Any CPU = Release|Any CPU
	EndGlobalSection
	GlobalSection(ProjectConfigurationPlatforms) = postSolution
		{687E6F85-AA8D-4B6F-ADBA-C72342161E1B}.Debug|Any CPU.ActiveCfg = Debug|Any CPU
		{687E6F85-AA8D-4B6F-ADBA-C72342161E1B}.Debug|Any CPU.Build.0 = Debug|Any CPU
		{687E6F85-AA8D-4B6F-ADBA-C72342161E1B}.Release|Any CPU.ActiveCfg = Release|Any CPU
		{687E6F85-AA8D-4B6F-ADBA-C72342161E1B}.Release|Any CPU.Build.0 = Release|Any CPU
		{55F80340-88D5-4DE9-B113-2B2B67C8CBEC}.Debug|Any CPU.ActiveCfg = Debug|Any CPU
		{55F80340-88D5-4DE9-B113-2B2B67C8CBEC}.Debug|Any CPU.Build.0 = Debug|Any CPU
		{55F80340-88D5-4DE9-B113-2B2B67C8CBEC}.Release|Any CPU.ActiveCfg = Release|Any CPU
		{55F80340-88D5-4DE9-B113-2B2B67C8CBEC}.Release|Any CPU.Build.0 = Release|Any CPU
	EndGlobalSection
	GlobalSection(SolutionProperties) = preSolution
		HideSolutionNode = FALSE
	EndGlobalSection
	GlobalSection(ExtensibilityGlobals) = postSolution
		SolutionGuid = {AFA49F3D-39EB-4128-948C-E880D7699FE9}
	EndGlobalSection
EndGlobal
